
Microsoft Visual Studio Solution File, Format Version 12.00
# Visual Studio Version 16
VisualStudioVersion = 16.0.30611.23
MinimumVisualStudioVersion = 10.0.40219.1
Project("{FAE04EC0-301F-11D3-BF4B-00C04F79EFBC}") = "Biblioteca-web", "Biblioteca-web.csproj", "{FE1604DA-62B3-4E2C-AC8C-47AAEDC77810}"
EndProject
Global
	GlobalSection(SolutionConfigurationPlatforms) = preSolution
		Debug|Any CPU = Debug|Any CPU
		Release|Any CPU = Release|Any CPU
	EndGlobalSection
	GlobalSection(ProjectConfigurationPlatforms) = postSolution
		{FE1604DA-62B3-4E2C-AC8C-47AAEDC77810}.Debug|Any CPU.ActiveCfg = Debug|Any CPU
		{FE1604DA-62B3-4E2C-AC8C-47AAEDC77810}.Debug|Any CPU.Build.0 = Debug|Any CPU
		{FE1604DA-62B3-4E2C-AC8C-47AAEDC77810}.Release|Any CPU.ActiveCfg = Release|Any CPU
		{FE1604DA-62B3-4E2C-AC8C-47AAEDC77810}.Release|Any CPU.Build.0 = Release|Any CPU
	EndGlobalSection
	GlobalSection(SolutionProperties) = preSolution
		HideSolutionNode = FALSE
	EndGlobalSection
	GlobalSection(ExtensibilityGlobals) = postSolution
		SolutionGuid = {7DB9C4A9-581D-42FA-B532-26DAB108E3CD}
	EndGlobalSection
EndGlobal
